// !$*UTF8*$!
{
	archiveVersion = 1;
	classes = {
	};
	objectVersion = 46;
	objects = {

/* Begin PBXBuildFile section */
		6C8E7EE2131B494300BCA896 /* Foundation.framework in Frameworks */ = {isa = PBXBuildFile; fileRef = 6C8E7EE1131B494300BCA896 /* Foundation.framework */; };
		6C8E7EE5131B494300BCA896 /* main.m in Sources */ = {isa = PBXBuildFile; fileRef = 6C8E7EE4131B494300BCA896 /* main.m */; };
		6C8E7EF4131B496600BCA896 /* Employee.m in Sources */ = {isa = PBXBuildFile; fileRef = 6C8E7EF3131B496600BCA896 /* Employee.m */; };
/* End PBXBuildFile section */

/* Begin PBXCopyFilesBuildPhase section */
		6C8E7EDB131B494300BCA896 /* CopyFiles */ = {
			isa = PBXCopyFilesBuildPhase;
			buildActionMask = 2147483647;
			dstPath = /usr/share/man/man1/;
			dstSubfolderSpec = 0;
			files = (
			);
			runOnlyForDeploymentPostprocessing = 1;
		};
/* End PBXCopyFilesBuildPhase section */

/* Begin PBXFileReference section */
		6C8E7EDD131B494300BCA896 /* Archiving */ = {isa = PBXFileReference; explicitFileType = "compiled.mach-o.executable"; includeInIndex = 0; path = Archiving; sourceTree = BUILT_PRODUCTS_DIR; };
		6C8E7EE1131B494300BCA896 /* Foundation.framework */ = {isa = PBXFileReference; lastKnownFileType = wrapper.framework; name = Foundation.framework; path = System/Library/Frameworks/Foundation.framework; sourceTree = SDKROOT; };
		6C8E7EE4131B494300BCA896 /* main.m */ = {isa = PBXFileReference; lastKnownFileType = sourcecode.c.objc; path = main.m; sourceTree = "<group>"; };
		6C8E7EE7131B494300BCA896 /* Archiving-Prefix.pch */ = {isa = PBXFileReference; lastKnownFileType = sourcecode.c.h; path = "Archiving-Prefix.pch"; sourceTree = "<group>"; };
		6C8E7EE8131B494300BCA896 /* Archiving.1 */ = {isa = PBXFileReference; lastKnownFileType = text.man; path = Archiving.1; sourceTree = "<group>"; };
		6C8E7EF2131B496600BCA896 /* Employee.h */ = {isa = PBXFileReference; fileEncoding = 4; lastKnownFileType = sourcecode.c.h; path = Employee.h; sourceTree = "<group>"; };
		6C8E7EF3131B496600BCA896 /* Employee.m */ = {isa = PBXFileReference; fileEncoding = 4; lastKnownFileType = sourcecode.c.objc; path = Employee.m; sourceTree = "<group>"; };
/* End PBXFileReference section */

/* Begin PBXFrameworksBuildPhase section */
		6C8E7EDA131B494300BCA896 /* Frameworks */ = {
			isa = PBXFrameworksBuildPhase;
			buildActionMask = 2147483647;
			files = (
				6C8E7EE2131B494300BCA896 /* Foundation.framework in Frameworks */,
			);
			runOnlyForDeploymentPostprocessing = 0;
		};
/* End PBXFrameworksBuildPhase section */

/* Begin PBXGroup section */
		6C8E7ED2131B494300BCA896 = {
			isa = PBXGroup;
			children = (
				6C8E7EE3131B494300BCA896 /* Archiving */,
				6C8E7EE0131B494300BCA896 /* Frameworks */,
				6C8E7EDE131B494300BCA896 /* Products */,
			);
			sourceTree = "<group>";
		};
		6C8E7EDE131B494300BCA896 /* Products */ = {
			isa = PBXGroup;
			children = (
				6C8E7EDD131B494300BCA896 /* Archiving */,
			);
			name = Products;
			sourceTree = "<group>";
		};
		6C8E7EE0131B494300BCA896 /* Frameworks */ = {
			isa = PBXGroup;
			children = (
				6C8E7EE1131B494300BCA896 /* Foundation.framework */,
			);
			name = Frameworks;
			sourceTree = "<group>";
		};
		6C8E7EE3131B494300BCA896 /* Archiving */ = {
			isa = PBXGroup;
			children = (
				6C8E7EE4131B494300BCA896 /* main.m */,
				6C8E7EE8131B494300BCA896 /* Archiving.1 */,
				6C8E7EE6131B494300BCA896 /* Supporting Files */,
				6C8E7EF2131B496600BCA896 /* Employee.h */,
				6C8E7EF3131B496600BCA896 /* Employee.m */,
			);
			path = Archiving;
			sourceTree = "<group>";
		};
		6C8E7EE6131B494300BCA896 /* Supporting Files */ = {
			isa = PBXGroup;
			children = (
				6C8E7EE7131B494300BCA896 /* Archiving-Prefix.pch */,
			);
			name = "Supporting Files";
			sourceTree = "<group>";
		};
/* End PBXGroup section */

/* Begin PBXNativeTarget section */
		6C8E7EDC131B494300BCA896 /* Archiving */ = {
			isa = PBXNativeTarget;
			buildConfigurationList = 6C8E7EEB131B494300BCA896 /* Build configuration list for PBXNativeTarget "Archiving" */;
			buildPhases = (
				6C8E7ED9131B494300BCA896 /* Sources */,
				6C8E7EDA131B494300BCA896 /* Frameworks */,
				6C8E7EDB131B494300BCA896 /* CopyFiles */,
			);
			buildRules = (
			);
			dependencies = (
			);
			name = Archiving;
			productName = Archiving;
			productReference = 6C8E7EDD131B494300BCA896 /* Archiving */;
			productType = "com.apple.product-type.tool";
		};
/* End PBXNativeTarget section */

/* Begin PBXProject section */
		6C8E7ED4131B494300BCA896 /* Project object */ = {
			isa = PBXProject;
			buildConfigurationList = 6C8E7ED7131B494300BCA896 /* Build configuration list for PBXProject "Archiving" */;
			compatibilityVersion = "Xcode 3.2";
			developmentRegion = English;
			hasScannedForEncodings = 0;
			knownRegions = (
				en,
			);
			mainGroup = 6C8E7ED2131B494300BCA896;
			productRefGroup = 6C8E7EDE131B494300BCA896 /* Products */;
			projectDirPath = "";
			projectRoot = "";
			targets = (
				6C8E7EDC131B494300BCA896 /* Archiving */,
			);
		};
/* End PBXProject section */

/* Begin PBXSourcesBuildPhase section */
		6C8E7ED9131B494300BCA896 /* Sources */ = {
			isa = PBXSourcesBuildPhase;
			buildActionMask = 2147483647;
			files = (
				6C8E7EE5131B494300BCA896 /* main.m in Sources */,
				6C8E7EF4131B496600BCA896 /* Employee.m in Sources */,
			);
			runOnlyForDeploymentPostprocessing = 0;
		};
/* End PBXSourcesBuildPhase section */

/* Begin XCBuildConfiguration section */
		6C8E7EE9131B494300BCA896 /* Debug */ = {
			isa = XCBuildConfiguration;
			buildSettings = {
				ARCHS = "$(ARCHS_STANDARD_32_64_BIT)";
				GCC_C_LANGUAGE_STANDARD = gnu99;
				GCC_OPTIMIZATION_LEVEL = 0;
				GCC_PREPROCESSOR_DEFINITIONS = DEBUG;
				GCC_VERSION = com.apple.compilers.llvm.clang.1_0;
				GCC_WARN_64_TO_32_BIT_CONVERSION = YES;
				GCC_WARN_ABOUT_RETURN_TYPE = YES;
				GCC_WARN_UNUSED_VARIABLE = YES;
				MACOSX_DEPLOYMENT_TARGET = 10.6;
				ONLY_ACTIVE_ARCH = YES;
				SDKROOT = macosx;
			};
			name = Debug;
		};
		6C8E7EEA131B494300BCA896 /* Release */ = {
			isa = XCBuildConfiguration;
			buildSettings = {
				ARCHS = "$(ARCHS_STANDARD_32_64_BIT)";
				GCC_C_LANGUAGE_STANDARD = gnu99;
				GCC_VERSION = com.apple.compilers.llvm.clang.1_0;
				GCC_WARN_64_TO_32_BIT_CONVERSION = YES;
				GCC_WARN_ABOUT_RETURN_TYPE = YES;
				GCC_WARN_UNUSED_VARIABLE = YES;
				MACOSX_DEPLOYMENT_TARGET = 10.6;
				SDKROOT = macosx;
			};
			name = Release;
		};
		6C8E7EEC131B494300BCA896 /* Debug */ = {
			isa = XCBuildConfiguration;
			buildSettings = {
				ALWAYS_SEARCH_USER_PATHS = NO;
				COPY_PHASE_STRIP = NO;
				GCC_DYNAMIC_NO_PIC = NO;
				GCC_ENABLE_OBJC_EXCEPTIONS = YES;
				GCC_PRECOMPILE_PREFIX_HEADER = YES;
				GCC_PREFIX_HEADER = "Archiving/Archiving-Prefix.pch";
				PRODUCT_NAME = "$(TARGET_NAME)";
			};
			name = Debug;
		};
		6C8E7EED131B494300BCA896 /* Release */ = {
			isa = XCBuildConfiguration;
			buildSettings = {
				ALWAYS_SEARCH_USER_PATHS = NO;
				COPY_PHASE_STRIP = YES;
				DEBUG_INFORMATION_FORMAT = "dwarf-with-dsym";
				GCC_ENABLE_OBJC_EXCEPTIONS = YES;
				GCC_PRECOMPILE_PREFIX_HEADER = YES;
				GCC_PREFIX_HEADER = "Archiving/Archiving-Prefix.pch";
				PRODUCT_NAME = "$(TARGET_NAME)";
			};
			name = Release;
		};
/* End XCBuildConfiguration section */

/* Begin XCConfigurationList section */
		6C8E7ED7131B494300BCA896 /* Build configuration list for PBXProject "Archiving" */ = {
			isa = XCConfigurationList;
			buildConfigurations = (
				6C8E7EE9131B494300BCA896 /* Debug */,
				6C8E7EEA131B494300BCA896 /* Release */,
			);
			defaultConfigurationIsVisible = 0;
			defaultConfigurationName = Release;
		};
		6C8E7EEB131B494300BCA896 /* Build configuration list for PBXNativeTarget "Archiving" */ = {
			isa = XCConfigurationList;
			buildConfigurations = (
				6C8E7EEC131B494300BCA896 /* Debug */,
				6C8E7EED131B494300BCA896 /* Release */,
			);
			defaultConfigurationIsVisible = 0;
			defaultConfigurationName = Release;
		};
/* End XCConfigurationList section */
	};
	rootObject = 6C8E7ED4131B494300BCA896 /* Project object */;
}
