// !$*UTF8*$!
{
	archiveVersion = 1;
	classes = {
	};
	objectVersion = 46;
	objects = {

/* Begin PBXBuildFile section */
		6C3401141575C9B000B17041 /* Cocoa.framework in Frameworks */ = {isa = PBXBuildFile; fileRef = 6C3401131575C9B000B17041 /* Cocoa.framework */; };
		6C34011E1575C9B000B17041 /* InfoPlist.strings in Resources */ = {isa = PBXBuildFile; fileRef = 6C34011C1575C9B000B17041 /* InfoPlist.strings */; };
		6C3401201575C9B000B17041 /* main.m in Sources */ = {isa = PBXBuildFile; fileRef = 6C34011F1575C9B000B17041 /* main.m */; };
		6C3401241575C9B000B17041 /* Credits.rtf in Resources */ = {isa = PBXBuildFile; fileRef = 6C3401221575C9B000B17041 /* Credits.rtf */; };
		6C3401271575C9B000B17041 /* AppDelegate.m in Sources */ = {isa = PBXBuildFile; fileRef = 6C3401261575C9B000B17041 /* AppDelegate.m */; };
		6C34012A1575C9B000B17041 /* MainMenu.xib in Resources */ = {isa = PBXBuildFile; fileRef = 6C3401281575C9B000B17041 /* MainMenu.xib */; };
/* End PBXBuildFile section */

/* Begin PBXFileReference section */
		6C34010F1575C9B000B17041 /* DiagnosingConnections.app */ = {isa = PBXFileReference; explicitFileType = wrapper.application; includeInIndex = 0; path = DiagnosingConnections.app; sourceTree = BUILT_PRODUCTS_DIR; };
		6C3401131575C9B000B17041 /* Cocoa.framework */ = {isa = PBXFileReference; lastKnownFileType = wrapper.framework; name = Cocoa.framework; path = System/Library/Frameworks/Cocoa.framework; sourceTree = SDKROOT; };
		6C3401161575C9B000B17041 /* AppKit.framework */ = {isa = PBXFileReference; lastKnownFileType = wrapper.framework; name = AppKit.framework; path = System/Library/Frameworks/AppKit.framework; sourceTree = SDKROOT; };
		6C3401171575C9B000B17041 /* CoreData.framework */ = {isa = PBXFileReference; lastKnownFileType = wrapper.framework; name = CoreData.framework; path = System/Library/Frameworks/CoreData.framework; sourceTree = SDKROOT; };
		6C3401181575C9B000B17041 /* Foundation.framework */ = {isa = PBXFileReference; lastKnownFileType = wrapper.framework; name = Foundation.framework; path = System/Library/Frameworks/Foundation.framework; sourceTree = SDKROOT; };
		6C34011B1575C9B000B17041 /* DiagnosingConnections-Info.plist */ = {isa = PBXFileReference; lastKnownFileType = text.plist.xml; path = "DiagnosingConnections-Info.plist"; sourceTree = "<group>"; };
		6C34011D1575C9B000B17041 /* en */ = {isa = PBXFileReference; lastKnownFileType = text.plist.strings; name = en; path = en.lproj/InfoPlist.strings; sourceTree = "<group>"; };
		6C34011F1575C9B000B17041 /* main.m */ = {isa = PBXFileReference; lastKnownFileType = sourcecode.c.objc; path = main.m; sourceTree = "<group>"; };
		6C3401211575C9B000B17041 /* DiagnosingConnections-Prefix.pch */ = {isa = PBXFileReference; lastKnownFileType = sourcecode.c.h; path = "DiagnosingConnections-Prefix.pch"; sourceTree = "<group>"; };
		6C3401231575C9B000B17041 /* en */ = {isa = PBXFileReference; lastKnownFileType = text.rtf; name = en; path = en.lproj/Credits.rtf; sourceTree = "<group>"; };
		6C3401251575C9B000B17041 /* AppDelegate.h */ = {isa = PBXFileReference; lastKnownFileType = sourcecode.c.h; path = AppDelegate.h; sourceTree = "<group>"; };
		6C3401261575C9B000B17041 /* AppDelegate.m */ = {isa = PBXFileReference; lastKnownFileType = sourcecode.c.objc; path = AppDelegate.m; sourceTree = "<group>"; };
		6C3401291575C9B000B17041 /* en */ = {isa = PBXFileReference; lastKnownFileType = file.xib; name = en; path = en.lproj/MainMenu.xib; sourceTree = "<group>"; };
/* End PBXFileReference section */

/* Begin PBXFrameworksBuildPhase section */
		6C34010C1575C9B000B17041 /* Frameworks */ = {
			isa = PBXFrameworksBuildPhase;
			buildActionMask = 2147483647;
			files = (
				6C3401141575C9B000B17041 /* Cocoa.framework in Frameworks */,
			);
			runOnlyForDeploymentPostprocessing = 0;
		};
/* End PBXFrameworksBuildPhase section */

/* Begin PBXGroup section */
		6C3401041575C9B000B17041 = {
			isa = PBXGroup;
			children = (
				6C3401191575C9B000B17041 /* DiagnosingConnections */,
				6C3401121575C9B000B17041 /* Frameworks */,
				6C3401101575C9B000B17041 /* Products */,
			);
			sourceTree = "<group>";
		};
		6C3401101575C9B000B17041 /* Products */ = {
			isa = PBXGroup;
			children = (
				6C34010F1575C9B000B17041 /* DiagnosingConnections.app */,
			);
			name = Products;
			sourceTree = "<group>";
		};
		6C3401121575C9B000B17041 /* Frameworks */ = {
			isa = PBXGroup;
			children = (
				6C3401131575C9B000B17041 /* Cocoa.framework */,
				6C3401151575C9B000B17041 /* Other Frameworks */,
			);
			name = Frameworks;
			sourceTree = "<group>";
		};
		6C3401151575C9B000B17041 /* Other Frameworks */ = {
			isa = PBXGroup;
			children = (
				6C3401161575C9B000B17041 /* AppKit.framework */,
				6C3401171575C9B000B17041 /* CoreData.framework */,
				6C3401181575C9B000B17041 /* Foundation.framework */,
			);
			name = "Other Frameworks";
			sourceTree = "<group>";
		};
		6C3401191575C9B000B17041 /* DiagnosingConnections */ = {
			isa = PBXGroup;
			children = (
				6C3401251575C9B000B17041 /* AppDelegate.h */,
				6C3401261575C9B000B17041 /* AppDelegate.m */,
				6C3401281575C9B000B17041 /* MainMenu.xib */,
				6C34011A1575C9B000B17041 /* Supporting Files */,
			);
			path = DiagnosingConnections;
			sourceTree = "<group>";
		};
		6C34011A1575C9B000B17041 /* Supporting Files */ = {
			isa = PBXGroup;
			children = (
				6C34011B1575C9B000B17041 /* DiagnosingConnections-Info.plist */,
				6C34011C1575C9B000B17041 /* InfoPlist.strings */,
				6C34011F1575C9B000B17041 /* main.m */,
				6C3401211575C9B000B17041 /* DiagnosingConnections-Prefix.pch */,
				6C3401221575C9B000B17041 /* Credits.rtf */,
			);
			name = "Supporting Files";
			sourceTree = "<group>";
		};
/* End PBXGroup section */

/* Begin PBXNativeTarget section */
		6C34010E1575C9B000B17041 /* DiagnosingConnections */ = {
			isa = PBXNativeTarget;
			buildConfigurationList = 6C34012D1575C9B000B17041 /* Build configuration list for PBXNativeTarget "DiagnosingConnections" */;
			buildPhases = (
				6C34010B1575C9B000B17041 /* Sources */,
				6C34010C1575C9B000B17041 /* Frameworks */,
				6C34010D1575C9B000B17041 /* Resources */,
			);
			buildRules = (
			);
			dependencies = (
			);
			name = DiagnosingConnections;
			productName = DiagnosingConnections;
			productReference = 6C34010F1575C9B000B17041 /* DiagnosingConnections.app */;
			productType = "com.apple.product-type.application";
		};
/* End PBXNativeTarget section */

/* Begin PBXProject section */
		6C3401061575C9B000B17041 /* Project object */ = {
			isa = PBXProject;
			attributes = {
				LastUpgradeCheck = 0440;
				ORGANIZATIONNAME = "Simon Allardice";
			};
			buildConfigurationList = 6C3401091575C9B000B17041 /* Build configuration list for PBXProject "DiagnosingConnections" */;
			compatibilityVersion = "Xcode 3.2";
			developmentRegion = English;
			hasScannedForEncodings = 0;
			knownRegions = (
				en,
			);
			mainGroup = 6C3401041575C9B000B17041;
			productRefGroup = 6C3401101575C9B000B17041 /* Products */;
			projectDirPath = "";
			projectRoot = "";
			targets = (
				6C34010E1575C9B000B17041 /* DiagnosingConnections */,
			);
		};
/* End PBXProject section */

/* Begin PBXResourcesBuildPhase section */
		6C34010D1575C9B000B17041 /* Resources */ = {
			isa = PBXResourcesBuildPhase;
			buildActionMask = 2147483647;
			files = (
				6C34011E1575C9B000B17041 /* InfoPlist.strings in Resources */,
				6C3401241575C9B000B17041 /* Credits.rtf in Resources */,
				6C34012A1575C9B000B17041 /* MainMenu.xib in Resources */,
			);
			runOnlyForDeploymentPostprocessing = 0;
		};
/* End PBXResourcesBuildPhase section */

/* Begin PBXSourcesBuildPhase section */
		6C34010B1575C9B000B17041 /* Sources */ = {
			isa = PBXSourcesBuildPhase;
			buildActionMask = 2147483647;
			files = (
				6C3401201575C9B000B17041 /* main.m in Sources */,
				6C3401271575C9B000B17041 /* AppDelegate.m in Sources */,
			);
			runOnlyForDeploymentPostprocessing = 0;
		};
/* End PBXSourcesBuildPhase section */

/* Begin PBXVariantGroup section */
		6C34011C1575C9B000B17041 /* InfoPlist.strings */ = {
			isa = PBXVariantGroup;
			children = (
				6C34011D1575C9B000B17041 /* en */,
			);
			name = InfoPlist.strings;
			sourceTree = "<group>";
		};
		6C3401221575C9B000B17041 /* Credits.rtf */ = {
			isa = PBXVariantGroup;
			children = (
				6C3401231575C9B000B17041 /* en */,
			);
			name = Credits.rtf;
			sourceTree = "<group>";
		};
		6C3401281575C9B000B17041 /* MainMenu.xib */ = {
			isa = PBXVariantGroup;
			children = (
				6C3401291575C9B000B17041 /* en */,
			);
			name = MainMenu.xib;
			sourceTree = "<group>";
		};
/* End PBXVariantGroup section */

/* Begin XCBuildConfiguration section */
		6C34012B1575C9B000B17041 /* Debug */ = {
			isa = XCBuildConfiguration;
			buildSettings = {
				ALWAYS_SEARCH_USER_PATHS = NO;
				ARCHS = "$(ARCHS_STANDARD_64_BIT)";
				CLANG_CXX_LANGUAGE_STANDARD = "gnu++0x";
				CLANG_ENABLE_OBJC_ARC = YES;
				CLANG_WARN__DUPLICATE_METHOD_MATCH = YES;
				COMBINE_HIDPI_IMAGES = YES;
				COPY_PHASE_STRIP = NO;
				GCC_C_LANGUAGE_STANDARD = gnu99;
				GCC_DYNAMIC_NO_PIC = NO;
				GCC_ENABLE_OBJC_EXCEPTIONS = YES;
				GCC_OPTIMIZATION_LEVEL = 0;
				GCC_PREPROCESSOR_DEFINITIONS = (
					"DEBUG=1",
					"$(inherited)",
				);
				GCC_SYMBOLS_PRIVATE_EXTERN = NO;
				GCC_WARN_64_TO_32_BIT_CONVERSION = YES;
				GCC_WARN_ABOUT_RETURN_TYPE = YES;
				GCC_WARN_UNINITIALIZED_AUTOS = YES;
				GCC_WARN_UNUSED_VARIABLE = YES;
				MACOSX_DEPLOYMENT_TARGET = 10.7;
				ONLY_ACTIVE_ARCH = YES;
				SDKROOT = macosx;
			};
			name = Debug;
		};
		6C34012C1575C9B000B17041 /* Release */ = {
			isa = XCBuildConfiguration;
			buildSettings = {
				ALWAYS_SEARCH_USER_PATHS = NO;
				ARCHS = "$(ARCHS_STANDARD_64_BIT)";
				CLANG_CXX_LANGUAGE_STANDARD = "gnu++0x";
				CLANG_ENABLE_OBJC_ARC = YES;
				CLANG_WARN__DUPLICATE_METHOD_MATCH = YES;
				COMBINE_HIDPI_IMAGES = YES;
				COPY_PHASE_STRIP = YES;
				DEBUG_INFORMATION_FORMAT = "dwarf-with-dsym";
				GCC_C_LANGUAGE_STANDARD = gnu99;
				GCC_ENABLE_OBJC_EXCEPTIONS = YES;
				GCC_WARN_64_TO_32_BIT_CONVERSION = YES;
				GCC_WARN_ABOUT_RETURN_TYPE = YES;
				GCC_WARN_UNINITIALIZED_AUTOS = YES;
				GCC_WARN_UNUSED_VARIABLE = YES;
				MACOSX_DEPLOYMENT_TARGET = 10.7;
				SDKROOT = macosx;
			};
			name = Release;
		};
		6C34012E1575C9B000B17041 /* Debug */ = {
			isa = XCBuildConfiguration;
			buildSettings = {
				GCC_PRECOMPILE_PREFIX_HEADER = YES;
				GCC_PREFIX_HEADER = "DiagnosingConnections/DiagnosingConnections-Prefix.pch";
				INFOPLIST_FILE = "DiagnosingConnections/DiagnosingConnections-Info.plist";
				PRODUCT_NAME = "$(TARGET_NAME)";
				WRAPPER_EXTENSION = app;
			};
			name = Debug;
		};
		6C34012F1575C9B000B17041 /* Release */ = {
			isa = XCBuildConfiguration;
			buildSettings = {
				GCC_PRECOMPILE_PREFIX_HEADER = YES;
				GCC_PREFIX_HEADER = "DiagnosingConnections/DiagnosingConnections-Prefix.pch";
				INFOPLIST_FILE = "DiagnosingConnections/DiagnosingConnections-Info.plist";
				PRODUCT_NAME = "$(TARGET_NAME)";
				WRAPPER_EXTENSION = app;
			};
			name = Release;
		};
/* End XCBuildConfiguration section */

/* Begin XCConfigurationList section */
		6C3401091575C9B000B17041 /* Build configuration list for PBXProject "DiagnosingConnections" */ = {
			isa = XCConfigurationList;
			buildConfigurations = (
				6C34012B1575C9B000B17041 /* Debug */,
				6C34012C1575C9B000B17041 /* Release */,
			);
			defaultConfigurationIsVisible = 0;
			defaultConfigurationName = Release;
		};
		6C34012D1575C9B000B17041 /* Build configuration list for PBXNativeTarget "DiagnosingConnections" */ = {
			isa = XCConfigurationList;
			buildConfigurations = (
				6C34012E1575C9B000B17041 /* Debug */,
				6C34012F1575C9B000B17041 /* Release */,
			);
			defaultConfigurationIsVisible = 0;
		};
/* End XCConfigurationList section */
	};
	rootObject = 6C3401061575C9B000B17041 /* Project object */;
}
