// !$*UTF8*$!
{
	archiveVersion = 1;
	classes = {
	};
	objectVersion = 46;
	objects = {

/* Begin PBXBuildFile section */
		F4A7C639133966C60054227B /* Foundation.framework in Frameworks */ = {isa = PBXBuildFile; fileRef = F4A7C638133966C60054227B /* Foundation.framework */; };
		F4A7C63C133966C60054227B /* main.m in Sources */ = {isa = PBXBuildFile; fileRef = F4A7C63B133966C60054227B /* main.m */; };
/* End PBXBuildFile section */

/* Begin PBXCopyFilesBuildPhase section */
		F4A7C632133966C60054227B /* CopyFiles */ = {
			isa = PBXCopyFilesBuildPhase;
			buildActionMask = 2147483647;
			dstPath = /usr/share/man/man1/;
			dstSubfolderSpec = 0;
			files = (
			);
			runOnlyForDeploymentPostprocessing = 1;
		};
/* End PBXCopyFilesBuildPhase section */

/* Begin PBXFileReference section */
		F4A7C634133966C60054227B /* Dictionaries */ = {isa = PBXFileReference; explicitFileType = "compiled.mach-o.executable"; includeInIndex = 0; path = Dictionaries; sourceTree = BUILT_PRODUCTS_DIR; };
		F4A7C638133966C60054227B /* Foundation.framework */ = {isa = PBXFileReference; lastKnownFileType = wrapper.framework; name = Foundation.framework; path = System/Library/Frameworks/Foundation.framework; sourceTree = SDKROOT; };
		F4A7C63B133966C60054227B /* main.m */ = {isa = PBXFileReference; lastKnownFileType = sourcecode.c.objc; path = main.m; sourceTree = "<group>"; };
		F4A7C63E133966C60054227B /* Dictionaries-Prefix.pch */ = {isa = PBXFileReference; lastKnownFileType = sourcecode.c.h; path = "Dictionaries-Prefix.pch"; sourceTree = "<group>"; };
		F4A7C63F133966C60054227B /* Dictionaries.1 */ = {isa = PBXFileReference; lastKnownFileType = text.man; path = Dictionaries.1; sourceTree = "<group>"; };
/* End PBXFileReference section */

/* Begin PBXFrameworksBuildPhase section */
		F4A7C631133966C60054227B /* Frameworks */ = {
			isa = PBXFrameworksBuildPhase;
			buildActionMask = 2147483647;
			files = (
				F4A7C639133966C60054227B /* Foundation.framework in Frameworks */,
			);
			runOnlyForDeploymentPostprocessing = 0;
		};
/* End PBXFrameworksBuildPhase section */

/* Begin PBXGroup section */
		F4A7C629133966C60054227B = {
			isa = PBXGroup;
			children = (
				F4A7C63A133966C60054227B /* Dictionaries */,
				F4A7C637133966C60054227B /* Frameworks */,
				F4A7C635133966C60054227B /* Products */,
			);
			sourceTree = "<group>";
		};
		F4A7C635133966C60054227B /* Products */ = {
			isa = PBXGroup;
			children = (
				F4A7C634133966C60054227B /* Dictionaries */,
			);
			name = Products;
			sourceTree = "<group>";
		};
		F4A7C637133966C60054227B /* Frameworks */ = {
			isa = PBXGroup;
			children = (
				F4A7C638133966C60054227B /* Foundation.framework */,
			);
			name = Frameworks;
			sourceTree = "<group>";
		};
		F4A7C63A133966C60054227B /* Dictionaries */ = {
			isa = PBXGroup;
			children = (
				F4A7C63B133966C60054227B /* main.m */,
				F4A7C63F133966C60054227B /* Dictionaries.1 */,
				F4A7C63D133966C60054227B /* Supporting Files */,
			);
			path = Dictionaries;
			sourceTree = "<group>";
		};
		F4A7C63D133966C60054227B /* Supporting Files */ = {
			isa = PBXGroup;
			children = (
				F4A7C63E133966C60054227B /* Dictionaries-Prefix.pch */,
			);
			name = "Supporting Files";
			sourceTree = "<group>";
		};
/* End PBXGroup section */

/* Begin PBXNativeTarget section */
		F4A7C633133966C60054227B /* Dictionaries */ = {
			isa = PBXNativeTarget;
			buildConfigurationList = F4A7C642133966C60054227B /* Build configuration list for PBXNativeTarget "Dictionaries" */;
			buildPhases = (
				F4A7C630133966C60054227B /* Sources */,
				F4A7C631133966C60054227B /* Frameworks */,
				F4A7C632133966C60054227B /* CopyFiles */,
			);
			buildRules = (
			);
			dependencies = (
			);
			name = Dictionaries;
			productName = Dictionaries;
			productReference = F4A7C634133966C60054227B /* Dictionaries */;
			productType = "com.apple.product-type.tool";
		};
/* End PBXNativeTarget section */

/* Begin PBXProject section */
		F4A7C62B133966C60054227B /* Project object */ = {
			isa = PBXProject;
			buildConfigurationList = F4A7C62E133966C60054227B /* Build configuration list for PBXProject "Dictionaries" */;
			compatibilityVersion = "Xcode 3.2";
			developmentRegion = English;
			hasScannedForEncodings = 0;
			knownRegions = (
				en,
			);
			mainGroup = F4A7C629133966C60054227B;
			productRefGroup = F4A7C635133966C60054227B /* Products */;
			projectDirPath = "";
			projectRoot = "";
			targets = (
				F4A7C633133966C60054227B /* Dictionaries */,
			);
		};
/* End PBXProject section */

/* Begin PBXSourcesBuildPhase section */
		F4A7C630133966C60054227B /* Sources */ = {
			isa = PBXSourcesBuildPhase;
			buildActionMask = 2147483647;
			files = (
				F4A7C63C133966C60054227B /* main.m in Sources */,
			);
			runOnlyForDeploymentPostprocessing = 0;
		};
/* End PBXSourcesBuildPhase section */

/* Begin XCBuildConfiguration section */
		F4A7C640133966C60054227B /* Debug */ = {
			isa = XCBuildConfiguration;
			buildSettings = {
				ARCHS = "$(ARCHS_STANDARD_32_64_BIT)";
				GCC_C_LANGUAGE_STANDARD = gnu99;
				GCC_OPTIMIZATION_LEVEL = 0;
				GCC_PREPROCESSOR_DEFINITIONS = DEBUG;
				GCC_SYMBOLS_PRIVATE_EXTERN = NO;
				GCC_VERSION = com.apple.compilers.llvm.clang.1_0;
				GCC_WARN_64_TO_32_BIT_CONVERSION = YES;
				GCC_WARN_ABOUT_RETURN_TYPE = YES;
				GCC_WARN_UNUSED_VARIABLE = YES;
				MACOSX_DEPLOYMENT_TARGET = 10.6;
				ONLY_ACTIVE_ARCH = YES;
				SDKROOT = macosx;
			};
			name = Debug;
		};
		F4A7C641133966C60054227B /* Release */ = {
			isa = XCBuildConfiguration;
			buildSettings = {
				ARCHS = "$(ARCHS_STANDARD_32_64_BIT)";
				GCC_C_LANGUAGE_STANDARD = gnu99;
				GCC_VERSION = com.apple.compilers.llvm.clang.1_0;
				GCC_WARN_64_TO_32_BIT_CONVERSION = YES;
				GCC_WARN_ABOUT_RETURN_TYPE = YES;
				GCC_WARN_UNUSED_VARIABLE = YES;
				MACOSX_DEPLOYMENT_TARGET = 10.6;
				SDKROOT = macosx;
			};
			name = Release;
		};
		F4A7C643133966C60054227B /* Debug */ = {
			isa = XCBuildConfiguration;
			buildSettings = {
				ALWAYS_SEARCH_USER_PATHS = NO;
				COPY_PHASE_STRIP = NO;
				GCC_DYNAMIC_NO_PIC = NO;
				GCC_ENABLE_OBJC_EXCEPTIONS = YES;
				GCC_PRECOMPILE_PREFIX_HEADER = YES;
				GCC_PREFIX_HEADER = "Dictionaries/Dictionaries-Prefix.pch";
				PRODUCT_NAME = "$(TARGET_NAME)";
			};
			name = Debug;
		};
		F4A7C644133966C60054227B /* Release */ = {
			isa = XCBuildConfiguration;
			buildSettings = {
				ALWAYS_SEARCH_USER_PATHS = NO;
				COPY_PHASE_STRIP = YES;
				DEBUG_INFORMATION_FORMAT = "dwarf-with-dsym";
				GCC_ENABLE_OBJC_EXCEPTIONS = YES;
				GCC_PRECOMPILE_PREFIX_HEADER = YES;
				GCC_PREFIX_HEADER = "Dictionaries/Dictionaries-Prefix.pch";
				PRODUCT_NAME = "$(TARGET_NAME)";
			};
			name = Release;
		};
/* End XCBuildConfiguration section */

/* Begin XCConfigurationList section */
		F4A7C62E133966C60054227B /* Build configuration list for PBXProject "Dictionaries" */ = {
			isa = XCConfigurationList;
			buildConfigurations = (
				F4A7C640133966C60054227B /* Debug */,
				F4A7C641133966C60054227B /* Release */,
			);
			defaultConfigurationIsVisible = 0;
			defaultConfigurationName = Release;
		};
		F4A7C642133966C60054227B /* Build configuration list for PBXNativeTarget "Dictionaries" */ = {
			isa = XCConfigurationList;
			buildConfigurations = (
				F4A7C643133966C60054227B /* Debug */,
				F4A7C644133966C60054227B /* Release */,
			);
			defaultConfigurationIsVisible = 0;
		};
/* End XCConfigurationList section */
	};
	rootObject = F4A7C62B133966C60054227B /* Project object */;
}
