// !$*UTF8*$!
{
	archiveVersion = 1;
	classes = {
	};
	objectVersion = 46;
	objects = {

/* Begin PBXBuildFile section */
		0F13F3A016FF207B001D1D12 /* ManageONTAP.framework in CopyFiles */ = {isa = PBXBuildFile; fileRef = 0F13F39F16FF207B001D1D12 /* ManageONTAP.framework */; };
		0F13F3A116FF46AC001D1D12 /* ManageONTAP.framework in Frameworks */ = {isa = PBXBuildFile; fileRef = 0F13F39F16FF207B001D1D12 /* ManageONTAP.framework */; };
		0F13F3A416FF570B001D1D12 /* Volumes.h in Headers */ = {isa = PBXBuildFile; fileRef = 0F13F3A216FF570B001D1D12 /* Volumes.h */; };
		0F13F3A516FF570B001D1D12 /* Volumes.m in Sources */ = {isa = PBXBuildFile; fileRef = 0F13F3A316FF570B001D1D12 /* Volumes.m */; };
		0F8AA7F916E3AE4500E52EB2 /* Cocoa.framework in Frameworks */ = {isa = PBXBuildFile; fileRef = 0F8AA7F816E3AE4500E52EB2 /* Cocoa.framework */; };
		0F8AA80316E3AE4500E52EB2 /* InfoPlist.strings in Resources */ = {isa = PBXBuildFile; fileRef = 0F8AA80116E3AE4500E52EB2 /* InfoPlist.strings */; };
		0F8AA80516E3AE4500E52EB2 /* main.m in Sources */ = {isa = PBXBuildFile; fileRef = 0F8AA80416E3AE4500E52EB2 /* main.m */; };
		0F8AA80916E3AE4500E52EB2 /* Credits.rtf in Resources */ = {isa = PBXBuildFile; fileRef = 0F8AA80716E3AE4500E52EB2 /* Credits.rtf */; };
		0F8AA80C16E3AE4500E52EB2 /* AppDelegate.m in Sources */ = {isa = PBXBuildFile; fileRef = 0F8AA80B16E3AE4500E52EB2 /* AppDelegate.m */; };
		0F8AA80F16E3AE4500E52EB2 /* MainMenu.xib in Resources */ = {isa = PBXBuildFile; fileRef = 0F8AA80D16E3AE4500E52EB2 /* MainMenu.xib */; };
		0F8AA81716E3AE7F00E52EB2 /* volClass.m in Sources */ = {isa = PBXBuildFile; fileRef = 0F8AA81616E3AE7F00E52EB2 /* volClass.m */; };
		0F8AA81E16E5610C00E52EB2 /* ArrayHelper.m in Sources */ = {isa = PBXBuildFile; fileRef = 0F8AA81D16E5610C00E52EB2 /* ArrayHelper.m */; };
/* End PBXBuildFile section */

/* Begin PBXCopyFilesBuildPhase section */
		0F13F39E16FF1FFC001D1D12 /* CopyFiles */ = {
			isa = PBXCopyFilesBuildPhase;
			buildActionMask = 2147483647;
			dstPath = "";
			dstSubfolderSpec = 10;
			files = (
				0F13F3A016FF207B001D1D12 /* ManageONTAP.framework in CopyFiles */,
			);
			runOnlyForDeploymentPostprocessing = 0;
		};
/* End PBXCopyFilesBuildPhase section */

/* Begin PBXFileReference section */
		0F13F38016FF1F20001D1D12 /* build-state.dat */ = {isa = PBXFileReference; lastKnownFileType = text; path = "build-state.dat"; sourceTree = "<group>"; };
		0F13F38116FF1F20001D1D12 /* ManageONTAP-all-target-headers.hmap */ = {isa = PBXFileReference; lastKnownFileType = file; path = "ManageONTAP-all-target-headers.hmap"; sourceTree = "<group>"; };
		0F13F38216FF1F20001D1D12 /* ManageONTAP-generated-files.hmap */ = {isa = PBXFileReference; lastKnownFileType = file; path = "ManageONTAP-generated-files.hmap"; sourceTree = "<group>"; };
		0F13F38316FF1F20001D1D12 /* ManageONTAP-own-target-headers.hmap */ = {isa = PBXFileReference; lastKnownFileType = file; path = "ManageONTAP-own-target-headers.hmap"; sourceTree = "<group>"; };
		0F13F38416FF1F20001D1D12 /* ManageONTAP-project-headers.hmap */ = {isa = PBXFileReference; lastKnownFileType = file; path = "ManageONTAP-project-headers.hmap"; sourceTree = "<group>"; };
		0F13F38516FF1F20001D1D12 /* ManageONTAP.dep */ = {isa = PBXFileReference; lastKnownFileType = text; path = ManageONTAP.dep; sourceTree = "<group>"; };
		0F13F38616FF1F20001D1D12 /* ManageONTAP.hmap */ = {isa = PBXFileReference; lastKnownFileType = file; path = ManageONTAP.hmap; sourceTree = "<group>"; };
		0F13F38916FF1F20001D1D12 /* ManageONTAP.LinkFileList */ = {isa = PBXFileReference; lastKnownFileType = text; path = ManageONTAP.LinkFileList; sourceTree = "<group>"; };
		0F13F38A16FF1F20001D1D12 /* NAApiConnection.d */ = {isa = PBXFileReference; lastKnownFileType = sourcecode.dtrace; path = NAApiConnection.d; sourceTree = "<group>"; };
		0F13F38B16FF1F20001D1D12 /* NAApiConnection.dia */ = {isa = PBXFileReference; lastKnownFileType = file; path = NAApiConnection.dia; sourceTree = "<group>"; };
		0F13F38C16FF1F20001D1D12 /* NAApiConnection.o */ = {isa = PBXFileReference; lastKnownFileType = "compiled.mach-o.objfile"; path = NAApiConnection.o; sourceTree = "<group>"; };
		0F13F38D16FF1F20001D1D12 /* NAElement.d */ = {isa = PBXFileReference; lastKnownFileType = sourcecode.dtrace; path = NAElement.d; sourceTree = "<group>"; };
		0F13F38E16FF1F20001D1D12 /* NAElement.dia */ = {isa = PBXFileReference; lastKnownFileType = file; path = NAElement.dia; sourceTree = "<group>"; };
		0F13F38F16FF1F20001D1D12 /* NAElement.o */ = {isa = PBXFileReference; lastKnownFileType = "compiled.mach-o.objfile"; path = NAElement.o; sourceTree = "<group>"; };
		0F13F39016FF1F20001D1D12 /* NAServer.d */ = {isa = PBXFileReference; lastKnownFileType = sourcecode.dtrace; path = NAServer.d; sourceTree = "<group>"; };
		0F13F39116FF1F20001D1D12 /* NAServer.dia */ = {isa = PBXFileReference; lastKnownFileType = file; path = NAServer.dia; sourceTree = "<group>"; };
		0F13F39216FF1F20001D1D12 /* NAServer.o */ = {isa = PBXFileReference; lastKnownFileType = "compiled.mach-o.objfile"; path = NAServer.o; sourceTree = "<group>"; };
		0F13F39316FF1F20001D1D12 /* Script-155A73620E783C6D001841EE.sh */ = {isa = PBXFileReference; lastKnownFileType = text.script.sh; path = "Script-155A73620E783C6D001841EE.sh"; sourceTree = "<group>"; };
		0F13F39516FF1F20001D1D12 /* ONTAPGui-all-target-headers.hmap */ = {isa = PBXFileReference; lastKnownFileType = file; path = "ONTAPGui-all-target-headers.hmap"; sourceTree = "<group>"; };
		0F13F39616FF1F20001D1D12 /* ONTAPGui-generated-files.hmap */ = {isa = PBXFileReference; lastKnownFileType = file; path = "ONTAPGui-generated-files.hmap"; sourceTree = "<group>"; };
		0F13F39716FF1F20001D1D12 /* ONTAPGui-own-target-headers.hmap */ = {isa = PBXFileReference; lastKnownFileType = file; path = "ONTAPGui-own-target-headers.hmap"; sourceTree = "<group>"; };
		0F13F39816FF1F20001D1D12 /* ONTAPGui-project-headers.hmap */ = {isa = PBXFileReference; lastKnownFileType = file; path = "ONTAPGui-project-headers.hmap"; sourceTree = "<group>"; };
		0F13F39916FF1F20001D1D12 /* ONTAPGui.hmap */ = {isa = PBXFileReference; lastKnownFileType = file; path = ONTAPGui.hmap; sourceTree = "<group>"; };
		0F13F39C16FF1F20001D1D12 /* ManageONTAP.framework */ = {isa = PBXFileReference; lastKnownFileType = wrapper.framework; path = ManageONTAP.framework; sourceTree = "<group>"; };
		0F13F39F16FF207B001D1D12 /* ManageONTAP.framework */ = {isa = PBXFileReference; lastKnownFileType = wrapper.framework; name = ManageONTAP.framework; path = "../../../../../Library/Developer/Xcode/DerivedData/CocoaONTAP-gvlhxijxyavojgcfdiqcogphtnlh/Build/Products/Debug/ManageONTAP.framework"; sourceTree = "<group>"; };
		0F13F3A216FF570B001D1D12 /* Volumes.h */ = {isa = PBXFileReference; fileEncoding = 4; lastKnownFileType = sourcecode.c.h; path = Volumes.h; sourceTree = "<group>"; };
		0F13F3A316FF570B001D1D12 /* Volumes.m */ = {isa = PBXFileReference; fileEncoding = 4; lastKnownFileType = sourcecode.c.objc; path = Volumes.m; sourceTree = "<group>"; };
		0F8AA7F516E3AE4500E52EB2 /* myfirst.app */ = {isa = PBXFileReference; explicitFileType = wrapper.application; includeInIndex = 0; path = myfirst.app; sourceTree = BUILT_PRODUCTS_DIR; };
		0F8AA7F816E3AE4500E52EB2 /* Cocoa.framework */ = {isa = PBXFileReference; lastKnownFileType = wrapper.framework; name = Cocoa.framework; path = System/Library/Frameworks/Cocoa.framework; sourceTree = SDKROOT; };
		0F8AA7FB16E3AE4500E52EB2 /* AppKit.framework */ = {isa = PBXFileReference; lastKnownFileType = wrapper.framework; name = AppKit.framework; path = System/Library/Frameworks/AppKit.framework; sourceTree = SDKROOT; };
		0F8AA7FC16E3AE4500E52EB2 /* CoreData.framework */ = {isa = PBXFileReference; lastKnownFileType = wrapper.framework; name = CoreData.framework; path = System/Library/Frameworks/CoreData.framework; sourceTree = SDKROOT; };
		0F8AA7FD16E3AE4500E52EB2 /* Foundation.framework */ = {isa = PBXFileReference; lastKnownFileType = wrapper.framework; name = Foundation.framework; path = System/Library/Frameworks/Foundation.framework; sourceTree = SDKROOT; };
		0F8AA80016E3AE4500E52EB2 /* myfirst-Info.plist */ = {isa = PBXFileReference; lastKnownFileType = text.plist.xml; path = "myfirst-Info.plist"; sourceTree = "<group>"; };
		0F8AA80216E3AE4500E52EB2 /* en */ = {isa = PBXFileReference; lastKnownFileType = text.plist.strings; name = en; path = en.lproj/InfoPlist.strings; sourceTree = "<group>"; };
		0F8AA80416E3AE4500E52EB2 /* main.m */ = {isa = PBXFileReference; lastKnownFileType = sourcecode.c.objc; path = main.m; sourceTree = "<group>"; };
		0F8AA80616E3AE4500E52EB2 /* myfirst-Prefix.pch */ = {isa = PBXFileReference; lastKnownFileType = sourcecode.c.h; path = "myfirst-Prefix.pch"; sourceTree = "<group>"; };
		0F8AA80816E3AE4500E52EB2 /* en */ = {isa = PBXFileReference; lastKnownFileType = text.rtf; name = en; path = en.lproj/Credits.rtf; sourceTree = "<group>"; };
		0F8AA80A16E3AE4500E52EB2 /* AppDelegate.h */ = {isa = PBXFileReference; lastKnownFileType = sourcecode.c.h; path = AppDelegate.h; sourceTree = "<group>"; };
		0F8AA80B16E3AE4500E52EB2 /* AppDelegate.m */ = {isa = PBXFileReference; lastKnownFileType = sourcecode.c.objc; path = AppDelegate.m; sourceTree = "<group>"; };
		0F8AA80E16E3AE4500E52EB2 /* en */ = {isa = PBXFileReference; lastKnownFileType = file.xib; name = en; path = en.lproj/MainMenu.xib; sourceTree = "<group>"; };
		0F8AA81516E3AE7F00E52EB2 /* volClass.h */ = {isa = PBXFileReference; fileEncoding = 4; lastKnownFileType = sourcecode.c.h; path = volClass.h; sourceTree = "<group>"; };
		0F8AA81616E3AE7F00E52EB2 /* volClass.m */ = {isa = PBXFileReference; fileEncoding = 4; lastKnownFileType = sourcecode.c.objc; path = volClass.m; sourceTree = "<group>"; };
		0F8AA81C16E5610C00E52EB2 /* ArrayHelper.h */ = {isa = PBXFileReference; fileEncoding = 4; lastKnownFileType = sourcecode.c.h; path = ArrayHelper.h; sourceTree = "<group>"; };
		0F8AA81D16E5610C00E52EB2 /* ArrayHelper.m */ = {isa = PBXFileReference; fileEncoding = 4; lastKnownFileType = sourcecode.c.objc; path = ArrayHelper.m; sourceTree = "<group>"; };
		0FE4DF2A16EE643C006BD029 /* ManageONTAP.framework */ = {isa = PBXFileReference; lastKnownFileType = wrapper.framework; name = ManageONTAP.framework; path = "../../../../../Library/Developer/Xcode/DerivedData/CocoaONTAP-gvlhxijxyavojgcfdiqcogphtnlh/Build/Products/Debug/ManageONTAP.framework"; sourceTree = "<group>"; };
		0FE4DF2C16EE6495006BD029 /* NAElementOutlineController.h */ = {isa = PBXFileReference; lastKnownFileType = sourcecode.c.h; path = NAElementOutlineController.h; sourceTree = "<group>"; };
		0FE4DF2D16EE6495006BD029 /* NAElementOutlineController.m */ = {isa = PBXFileReference; lastKnownFileType = sourcecode.c.objc; path = NAElementOutlineController.m; sourceTree = "<group>"; };
		0FE4DF2E16EE6495006BD029 /* MyController.h */ = {isa = PBXFileReference; lastKnownFileType = sourcecode.c.h; path = MyController.h; sourceTree = "<group>"; };
		0FE4DF2F16EE6495006BD029 /* MyController.m */ = {isa = PBXFileReference; lastKnownFileType = sourcecode.c.objc; path = MyController.m; sourceTree = "<group>"; };
/* End PBXFileReference section */

/* Begin PBXFrameworksBuildPhase section */
		0F8AA7F216E3AE4500E52EB2 /* Frameworks */ = {
			isa = PBXFrameworksBuildPhase;
			buildActionMask = 2147483647;
			files = (
				0F13F3A116FF46AC001D1D12 /* ManageONTAP.framework in Frameworks */,
				0F8AA7F916E3AE4500E52EB2 /* Cocoa.framework in Frameworks */,
			);
			runOnlyForDeploymentPostprocessing = 0;
		};
/* End PBXFrameworksBuildPhase section */

/* Begin PBXGroup section */
		0F13F37B16FF1F20001D1D12 /* Build */ = {
			isa = PBXGroup;
			children = (
				0F13F37C16FF1F20001D1D12 /* Intermediates */,
				0F13F39A16FF1F20001D1D12 /* Products */,
			);
			name = Build;
			path = "../../../../../Library/Developer/Xcode/DerivedData/CocoaONTAP-gvlhxijxyavojgcfdiqcogphtnlh/Build";
			sourceTree = "<group>";
		};
		0F13F37C16FF1F20001D1D12 /* Intermediates */ = {
			isa = PBXGroup;
			children = (
				0F13F37D16FF1F20001D1D12 /* CocoaONTAP.build */,
			);
			path = Intermediates;
			sourceTree = "<group>";
		};
		0F13F37D16FF1F20001D1D12 /* CocoaONTAP.build */ = {
			isa = PBXGroup;
			children = (
				0F13F37E16FF1F20001D1D12 /* Debug */,
			);
			path = CocoaONTAP.build;
			sourceTree = "<group>";
		};
		0F13F37E16FF1F20001D1D12 /* Debug */ = {
			isa = PBXGroup;
			children = (
				0F13F37F16FF1F20001D1D12 /* ManageONTAP.build */,
				0F13F39416FF1F20001D1D12 /* ONTAPGui.build */,
			);
			path = Debug;
			sourceTree = "<group>";
		};
		0F13F37F16FF1F20001D1D12 /* ManageONTAP.build */ = {
			isa = PBXGroup;
			children = (
				0F13F38016FF1F20001D1D12 /* build-state.dat */,
				0F13F38116FF1F20001D1D12 /* ManageONTAP-all-target-headers.hmap */,
				0F13F38216FF1F20001D1D12 /* ManageONTAP-generated-files.hmap */,
				0F13F38316FF1F20001D1D12 /* ManageONTAP-own-target-headers.hmap */,
				0F13F38416FF1F20001D1D12 /* ManageONTAP-project-headers.hmap */,
				0F13F38516FF1F20001D1D12 /* ManageONTAP.dep */,
				0F13F38616FF1F20001D1D12 /* ManageONTAP.hmap */,
				0F13F38716FF1F20001D1D12 /* Objects-normal */,
				0F13F39316FF1F20001D1D12 /* Script-155A73620E783C6D001841EE.sh */,
			);
			path = ManageONTAP.build;
			sourceTree = "<group>";
		};
		0F13F38716FF1F20001D1D12 /* Objects-normal */ = {
			isa = PBXGroup;
			children = (
				0F13F38816FF1F20001D1D12 /* x86_64 */,
			);
			path = "Objects-normal";
			sourceTree = "<group>";
		};
		0F13F38816FF1F20001D1D12 /* x86_64 */ = {
			isa = PBXGroup;
			children = (
				0F13F38916FF1F20001D1D12 /* ManageONTAP.LinkFileList */,
				0F13F38A16FF1F20001D1D12 /* NAApiConnection.d */,
				0F13F38B16FF1F20001D1D12 /* NAApiConnection.dia */,
				0F13F38C16FF1F20001D1D12 /* NAApiConnection.o */,
				0F13F38D16FF1F20001D1D12 /* NAElement.d */,
				0F13F38E16FF1F20001D1D12 /* NAElement.dia */,
				0F13F38F16FF1F20001D1D12 /* NAElement.o */,
				0F13F39016FF1F20001D1D12 /* NAServer.d */,
				0F13F39116FF1F20001D1D12 /* NAServer.dia */,
				0F13F39216FF1F20001D1D12 /* NAServer.o */,
			);
			path = x86_64;
			sourceTree = "<group>";
		};
		0F13F39416FF1F20001D1D12 /* ONTAPGui.build */ = {
			isa = PBXGroup;
			children = (
				0F13F39516FF1F20001D1D12 /* ONTAPGui-all-target-headers.hmap */,
				0F13F39616FF1F20001D1D12 /* ONTAPGui-generated-files.hmap */,
				0F13F39716FF1F20001D1D12 /* ONTAPGui-own-target-headers.hmap */,
				0F13F39816FF1F20001D1D12 /* ONTAPGui-project-headers.hmap */,
				0F13F39916FF1F20001D1D12 /* ONTAPGui.hmap */,
			);
			path = ONTAPGui.build;
			sourceTree = "<group>";
		};
		0F13F39A16FF1F20001D1D12 /* Products */ = {
			isa = PBXGroup;
			children = (
				0F13F39B16FF1F20001D1D12 /* Debug */,
			);
			path = Products;
			sourceTree = "<group>";
		};
		0F13F39B16FF1F20001D1D12 /* Debug */ = {
			isa = PBXGroup;
			children = (
				0F13F39C16FF1F20001D1D12 /* ManageONTAP.framework */,
			);
			path = Debug;
			sourceTree = "<group>";
		};
		0F8AA7EC16E3AE4500E52EB2 = {
			isa = PBXGroup;
			children = (
				0F13F39F16FF207B001D1D12 /* ManageONTAP.framework */,
				0F13F37B16FF1F20001D1D12 /* Build */,
				0F8AA7FE16E3AE4500E52EB2 /* myfirst */,
				0F8AA7F716E3AE4500E52EB2 /* Frameworks */,
				0F8AA7F616E3AE4500E52EB2 /* Products */,
			);
			sourceTree = "<group>";
		};
		0F8AA7F616E3AE4500E52EB2 /* Products */ = {
			isa = PBXGroup;
			children = (
				0F8AA7F516E3AE4500E52EB2 /* myfirst.app */,
			);
			name = Products;
			sourceTree = "<group>";
		};
		0F8AA7F716E3AE4500E52EB2 /* Frameworks */ = {
			isa = PBXGroup;
			children = (
				0F8AA7FD16E3AE4500E52EB2 /* Foundation.framework */,
				0F8AA7FC16E3AE4500E52EB2 /* CoreData.framework */,
				0F8AA7FB16E3AE4500E52EB2 /* AppKit.framework */,
				0FE4DF2A16EE643C006BD029 /* ManageONTAP.framework */,
				0F8AA7F816E3AE4500E52EB2 /* Cocoa.framework */,
			);
			name = Frameworks;
			sourceTree = "<group>";
		};
		0F8AA7FE16E3AE4500E52EB2 /* myfirst */ = {
			isa = PBXGroup;
			children = (
				0FE4DF2E16EE6495006BD029 /* MyController.h */,
				0FE4DF2F16EE6495006BD029 /* MyController.m */,
				0FE4DF2C16EE6495006BD029 /* NAElementOutlineController.h */,
				0FE4DF2D16EE6495006BD029 /* NAElementOutlineController.m */,
				0F8AA81C16E5610C00E52EB2 /* ArrayHelper.h */,
				0F8AA81D16E5610C00E52EB2 /* ArrayHelper.m */,
				0F8AA80A16E3AE4500E52EB2 /* AppDelegate.h */,
				0F8AA80B16E3AE4500E52EB2 /* AppDelegate.m */,
				0F8AA80D16E3AE4500E52EB2 /* MainMenu.xib */,
				0F8AA81616E3AE7F00E52EB2 /* volClass.m */,
				0F8AA81516E3AE7F00E52EB2 /* volClass.h */,
				0F8AA7FF16E3AE4500E52EB2 /* Supporting Files */,
				0F13F3A216FF570B001D1D12 /* Volumes.h */,
				0F13F3A316FF570B001D1D12 /* Volumes.m */,
			);
			path = myfirst;
			sourceTree = "<group>";
		};
		0F8AA7FF16E3AE4500E52EB2 /* Supporting Files */ = {
			isa = PBXGroup;
			children = (
				0F8AA80016E3AE4500E52EB2 /* myfirst-Info.plist */,
				0F8AA80116E3AE4500E52EB2 /* InfoPlist.strings */,
				0F8AA80416E3AE4500E52EB2 /* main.m */,
				0F8AA80616E3AE4500E52EB2 /* myfirst-Prefix.pch */,
				0F8AA80716E3AE4500E52EB2 /* Credits.rtf */,
			);
			name = "Supporting Files";
			sourceTree = "<group>";
		};
/* End PBXGroup section */

/* Begin PBXHeadersBuildPhase section */
		0FE4DF3516EE6CDA006BD029 /* Headers */ = {
			isa = PBXHeadersBuildPhase;
			buildActionMask = 2147483647;
			files = (
				0F13F3A416FF570B001D1D12 /* Volumes.h in Headers */,
			);
			runOnlyForDeploymentPostprocessing = 0;
		};
/* End PBXHeadersBuildPhase section */

/* Begin PBXNativeTarget section */
		0F8AA7F416E3AE4500E52EB2 /* myfirst */ = {
			isa = PBXNativeTarget;
			buildConfigurationList = 0F8AA81216E3AE4500E52EB2 /* Build configuration list for PBXNativeTarget "myfirst" */;
			buildPhases = (
				0F8AA7F116E3AE4500E52EB2 /* Sources */,
				0F8AA7F216E3AE4500E52EB2 /* Frameworks */,
				0F8AA7F316E3AE4500E52EB2 /* Resources */,
				0FE4DF3516EE6CDA006BD029 /* Headers */,
				0F13F39E16FF1FFC001D1D12 /* CopyFiles */,
			);
			buildRules = (
			);
			dependencies = (
			);
			name = myfirst;
			productName = myfirst;
			productReference = 0F8AA7F516E3AE4500E52EB2 /* myfirst.app */;
			productType = "com.apple.product-type.application";
		};
/* End PBXNativeTarget section */

/* Begin PBXProject section */
		0F8AA7ED16E3AE4500E52EB2 /* Project object */ = {
			isa = PBXProject;
			attributes = {
				LastUpgradeCheck = 0460;
				ORGANIZATIONNAME = francois;
			};
			buildConfigurationList = 0F8AA7F016E3AE4500E52EB2 /* Build configuration list for PBXProject "myfirst" */;
			compatibilityVersion = "Xcode 3.2";
			developmentRegion = English;
			hasScannedForEncodings = 0;
			knownRegions = (
				en,
				English,
			);
			mainGroup = 0F8AA7EC16E3AE4500E52EB2;
			productRefGroup = 0F8AA7F616E3AE4500E52EB2 /* Products */;
			projectDirPath = "";
			projectRoot = "";
			targets = (
				0F8AA7F416E3AE4500E52EB2 /* myfirst */,
			);
		};
/* End PBXProject section */

/* Begin PBXResourcesBuildPhase section */
		0F8AA7F316E3AE4500E52EB2 /* Resources */ = {
			isa = PBXResourcesBuildPhase;
			buildActionMask = 2147483647;
			files = (
				0F8AA80316E3AE4500E52EB2 /* InfoPlist.strings in Resources */,
				0F8AA80916E3AE4500E52EB2 /* Credits.rtf in Resources */,
				0F8AA80F16E3AE4500E52EB2 /* MainMenu.xib in Resources */,
			);
			runOnlyForDeploymentPostprocessing = 0;
		};
/* End PBXResourcesBuildPhase section */

/* Begin PBXSourcesBuildPhase section */
		0F8AA7F116E3AE4500E52EB2 /* Sources */ = {
			isa = PBXSourcesBuildPhase;
			buildActionMask = 2147483647;
			files = (
				0F8AA80516E3AE4500E52EB2 /* main.m in Sources */,
				0F8AA80C16E3AE4500E52EB2 /* AppDelegate.m in Sources */,
				0F8AA81716E3AE7F00E52EB2 /* volClass.m in Sources */,
				0F8AA81E16E5610C00E52EB2 /* ArrayHelper.m in Sources */,
				0F13F3A516FF570B001D1D12 /* Volumes.m in Sources */,
			);
			runOnlyForDeploymentPostprocessing = 0;
		};
/* End PBXSourcesBuildPhase section */

/* Begin PBXVariantGroup section */
		0F8AA80116E3AE4500E52EB2 /* InfoPlist.strings */ = {
			isa = PBXVariantGroup;
			children = (
				0F8AA80216E3AE4500E52EB2 /* en */,
			);
			name = InfoPlist.strings;
			sourceTree = "<group>";
		};
		0F8AA80716E3AE4500E52EB2 /* Credits.rtf */ = {
			isa = PBXVariantGroup;
			children = (
				0F8AA80816E3AE4500E52EB2 /* en */,
			);
			name = Credits.rtf;
			sourceTree = "<group>";
		};
		0F8AA80D16E3AE4500E52EB2 /* MainMenu.xib */ = {
			isa = PBXVariantGroup;
			children = (
				0F8AA80E16E3AE4500E52EB2 /* en */,
			);
			name = MainMenu.xib;
			sourceTree = "<group>";
		};
/* End PBXVariantGroup section */

/* Begin XCBuildConfiguration section */
		0F8AA81016E3AE4500E52EB2 /* Debug */ = {
			isa = XCBuildConfiguration;
			buildSettings = {
				ALWAYS_SEARCH_USER_PATHS = NO;
				ARCHS = "$(ARCHS_STANDARD_64_BIT)";
				CLANG_CXX_LANGUAGE_STANDARD = "gnu++0x";
				CLANG_CXX_LIBRARY = "libc++";
				CLANG_ENABLE_OBJC_ARC = YES;
				CLANG_WARN_CONSTANT_CONVERSION = YES;
				CLANG_WARN_EMPTY_BODY = YES;
				CLANG_WARN_ENUM_CONVERSION = YES;
				CLANG_WARN_INT_CONVERSION = YES;
				CLANG_WARN__DUPLICATE_METHOD_MATCH = YES;
				COPY_PHASE_STRIP = NO;
				GCC_C_LANGUAGE_STANDARD = gnu99;
				GCC_DYNAMIC_NO_PIC = NO;
				GCC_ENABLE_OBJC_EXCEPTIONS = YES;
				GCC_OPTIMIZATION_LEVEL = 0;
				GCC_PREPROCESSOR_DEFINITIONS = (
					"DEBUG=1",
					"$(inherited)",
				);
				GCC_SYMBOLS_PRIVATE_EXTERN = NO;
				GCC_WARN_64_TO_32_BIT_CONVERSION = YES;
				GCC_WARN_ABOUT_RETURN_TYPE = YES;
				GCC_WARN_UNINITIALIZED_AUTOS = YES;
				GCC_WARN_UNUSED_VARIABLE = YES;
				MACOSX_DEPLOYMENT_TARGET = 10.8;
				ONLY_ACTIVE_ARCH = YES;
				SDKROOT = macosx;
			};
			name = Debug;
		};
		0F8AA81116E3AE4500E52EB2 /* Release */ = {
			isa = XCBuildConfiguration;
			buildSettings = {
				ALWAYS_SEARCH_USER_PATHS = NO;
				ARCHS = "$(ARCHS_STANDARD_64_BIT)";
				CLANG_CXX_LANGUAGE_STANDARD = "gnu++0x";
				CLANG_CXX_LIBRARY = "libc++";
				CLANG_ENABLE_OBJC_ARC = YES;
				CLANG_WARN_CONSTANT_CONVERSION = YES;
				CLANG_WARN_EMPTY_BODY = YES;
				CLANG_WARN_ENUM_CONVERSION = YES;
				CLANG_WARN_INT_CONVERSION = YES;
				CLANG_WARN__DUPLICATE_METHOD_MATCH = YES;
				COPY_PHASE_STRIP = YES;
				DEBUG_INFORMATION_FORMAT = "dwarf-with-dsym";
				GCC_C_LANGUAGE_STANDARD = gnu99;
				GCC_ENABLE_OBJC_EXCEPTIONS = YES;
				GCC_WARN_64_TO_32_BIT_CONVERSION = YES;
				GCC_WARN_ABOUT_RETURN_TYPE = YES;
				GCC_WARN_UNINITIALIZED_AUTOS = YES;
				GCC_WARN_UNUSED_VARIABLE = YES;
				MACOSX_DEPLOYMENT_TARGET = 10.8;
				SDKROOT = macosx;
			};
			name = Release;
		};
		0F8AA81316E3AE4500E52EB2 /* Debug */ = {
			isa = XCBuildConfiguration;
			buildSettings = {
				COMBINE_HIDPI_IMAGES = YES;
				FRAMEWORK_SEARCH_PATHS = (
					"$(inherited)",
					"\"$(SRCROOT)/../../../../../Library/Developer/Xcode/DerivedData/CocoaONTAP-gvlhxijxyavojgcfdiqcogphtnlh/Build/Products/Debug\"",
				);
				GCC_PRECOMPILE_PREFIX_HEADER = YES;
				GCC_PREFIX_HEADER = "myfirst/myfirst-Prefix.pch";
				INFOPLIST_FILE = "myfirst/myfirst-Info.plist";
				PRODUCT_NAME = "$(TARGET_NAME)";
				WRAPPER_EXTENSION = app;
			};
			name = Debug;
		};
		0F8AA81416E3AE4500E52EB2 /* Release */ = {
			isa = XCBuildConfiguration;
			buildSettings = {
				COMBINE_HIDPI_IMAGES = YES;
				FRAMEWORK_SEARCH_PATHS = (
					"$(inherited)",
					"\"$(SRCROOT)/../../../../../Library/Developer/Xcode/DerivedData/CocoaONTAP-gvlhxijxyavojgcfdiqcogphtnlh/Build/Products/Debug\"",
				);
				GCC_PRECOMPILE_PREFIX_HEADER = YES;
				GCC_PREFIX_HEADER = "myfirst/myfirst-Prefix.pch";
				INFOPLIST_FILE = "myfirst/myfirst-Info.plist";
				PRODUCT_NAME = "$(TARGET_NAME)";
				WRAPPER_EXTENSION = app;
			};
			name = Release;
		};
/* End XCBuildConfiguration section */

/* Begin XCConfigurationList section */
		0F8AA7F016E3AE4500E52EB2 /* Build configuration list for PBXProject "myfirst" */ = {
			isa = XCConfigurationList;
			buildConfigurations = (
				0F8AA81016E3AE4500E52EB2 /* Debug */,
				0F8AA81116E3AE4500E52EB2 /* Release */,
			);
			defaultConfigurationIsVisible = 0;
			defaultConfigurationName = Release;
		};
		0F8AA81216E3AE4500E52EB2 /* Build configuration list for PBXNativeTarget "myfirst" */ = {
			isa = XCConfigurationList;
			buildConfigurations = (
				0F8AA81316E3AE4500E52EB2 /* Debug */,
				0F8AA81416E3AE4500E52EB2 /* Release */,
			);
			defaultConfigurationIsVisible = 0;
			defaultConfigurationName = Release;
		};
/* End XCConfigurationList section */
	};
	rootObject = 0F8AA7ED16E3AE4500E52EB2 /* Project object */;
}
